
Microsoft Visual Studio Solution File, Format Version 12.00
# Visual Studio Version 17
VisualStudioVersion = 17.2.32519.379
MinimumVisualStudioVersion = 10.0.40219.1
Project("{FAE04EC0-301F-11D3-BF4B-00C04F79EFBC}") = "lab2", "lab2.csproj", "{DDCF13CF-2990-4447-BB96-6EAF8A47BC1E}"
EndProject
Global
	GlobalSection(SolutionConfigurationPlatforms) = preSolution
		Debug|Any CPU = Debug|Any CPU
		Release|Any CPU = Release|Any CPU
	EndGlobalSection
	GlobalSection(ProjectConfigurationPlatforms) = postSolution
		{DDCF13CF-2990-4447-BB96-6EAF8A47BC1E}.Debug|Any CPU.ActiveCfg = Debug|Any CPU
		{DDCF13CF-2990-4447-BB96-6EAF8A47BC1E}.Debug|Any CPU.Build.0 = Debug|Any CPU
		{DDCF13CF-2990-4447-BB96-6EAF8A47BC1E}.Release|Any CPU.ActiveCfg = Release|Any CPU
		{DDCF13CF-2990-4447-BB96-6EAF8A47BC1E}.Release|Any CPU.Build.0 = Release|Any CPU
	EndGlobalSection
	GlobalSection(SolutionProperties) = preSolution
		HideSolutionNode = FALSE
	EndGlobalSection
	GlobalSection(ExtensibilityGlobals) = postSolution
		SolutionGuid = {9D497A69-4554-4D3A-A051-3371440C4B31}
	EndGlobalSection
EndGlobal
